
Microsoft Visual Studio Solution File, Format Version 12.00
# Visual Studio 15
VisualStudioVersion = 15.0.27703.2042
MinimumVisualStudioVersion = 10.0.40219.1
Project("{FAE04EC0-301F-11D3-BF4B-00C04F79EFBC}") = "PortfolioAPI", "PortfolioAPI\PortfolioAPI.csproj", "{FEA11F59-3675-41EF-AECD-FFF412644621}"
EndProject
Project("{2150E333-8FDC-42A3-9474-1A3956D46DE8}") = "Business", "Business", "{E74FAA17-0DAD-4896-B768-FD6B4ECC8C40}"
EndProject
Project("{FAE04EC0-301F-11D3-BF4B-00C04F79EFBC}") = "Domain", "Domain\Domain.csproj", "{1CCACED8-4755-4C57-93B9-769EA7542A9D}"
EndProject
Project("{2150E333-8FDC-42A3-9474-1A3956D46DE8}") = "Shared", "Shared", "{7DFDCAE1-1F2D-4C91-9946-24F7D064FA5D}"
EndProject
Project("{FAE04EC0-301F-11D3-BF4B-00C04F79EFBC}") = "Common", "Common\Common.csproj", "{EE4C8B00-7DCE-469C-A5C8-E19F5CBE5EE4}"
EndProject
Project("{2150E333-8FDC-42A3-9474-1A3956D46DE8}") = "Shell", "Shell", "{61E33E4D-5113-4243-A9A4-3D25A7C1C511}"
EndProject
Global
	GlobalSection(SolutionConfigurationPlatforms) = preSolution
		Debug|Any CPU = Debug|Any CPU
		Release|Any CPU = Release|Any CPU
	EndGlobalSection
	GlobalSection(ProjectConfigurationPlatforms) = postSolution
		{FEA11F59-3675-41EF-AECD-FFF412644621}.Debug|Any CPU.ActiveCfg = Debug|Any CPU
		{FEA11F59-3675-41EF-AECD-FFF412644621}.Debug|Any CPU.Build.0 = Debug|Any CPU
		{FEA11F59-3675-41EF-AECD-FFF412644621}.Release|Any CPU.ActiveCfg = Release|Any CPU
		{FEA11F59-3675-41EF-AECD-FFF412644621}.Release|Any CPU.Build.0 = Release|Any CPU
		{1CCACED8-4755-4C57-93B9-769EA7542A9D}.Debug|Any CPU.ActiveCfg = Debug|Any CPU
		{1CCACED8-4755-4C57-93B9-769EA7542A9D}.Debug|Any CPU.Build.0 = Debug|Any CPU
		{1CCACED8-4755-4C57-93B9-769EA7542A9D}.Release|Any CPU.ActiveCfg = Release|Any CPU
		{1CCACED8-4755-4C57-93B9-769EA7542A9D}.Release|Any CPU.Build.0 = Release|Any CPU
		{EE4C8B00-7DCE-469C-A5C8-E19F5CBE5EE4}.Debug|Any CPU.ActiveCfg = Debug|Any CPU
		{EE4C8B00-7DCE-469C-A5C8-E19F5CBE5EE4}.Debug|Any CPU.Build.0 = Debug|Any CPU
		{EE4C8B00-7DCE-469C-A5C8-E19F5CBE5EE4}.Release|Any CPU.ActiveCfg = Release|Any CPU
		{EE4C8B00-7DCE-469C-A5C8-E19F5CBE5EE4}.Release|Any CPU.Build.0 = Release|Any CPU
	EndGlobalSection
	GlobalSection(SolutionProperties) = preSolution
		HideSolutionNode = FALSE
	EndGlobalSection
	GlobalSection(NestedProjects) = preSolution
		{FEA11F59-3675-41EF-AECD-FFF412644621} = {61E33E4D-5113-4243-A9A4-3D25A7C1C511}
		{1CCACED8-4755-4C57-93B9-769EA7542A9D} = {E74FAA17-0DAD-4896-B768-FD6B4ECC8C40}
		{EE4C8B00-7DCE-469C-A5C8-E19F5CBE5EE4} = {7DFDCAE1-1F2D-4C91-9946-24F7D064FA5D}
	EndGlobalSection
	GlobalSection(ExtensibilityGlobals) = postSolution
		SolutionGuid = {E8289A65-2C6B-4717-843B-5D42EE319A84}
	EndGlobalSection
EndGlobal
